
Microsoft Visual Studio Solution File, Format Version 11.00
# Visual Studio 2010
Project("{FAE04EC0-301F-11D3-BF4B-00C04F79EFBC}") = "Assembly-CSharp", "Assembly-CSharp.csproj", "{ECB21DCE-9E5E-DE94-FB84-BC4FA1EDCEE1}"
EndProject
Project("{FAE04EC0-301F-11D3-BF4B-00C04F79EFBC}") = "Assembly-CSharp-Editor", "Assembly-CSharp-Editor.csproj", "{7D8108D0-859D-F767-9301-8355706FF8BA}"
EndProject
Global
	GlobalSection(SolutionConfigurationPlatforms) = preSolution
		Debug|Any CPU = Debug|Any CPU
		Release|Any CPU = Release|Any CPU
	EndGlobalSection
	GlobalSection(ProjectConfigurationPlatforms) = postSolution
		{ECB21DCE-9E5E-DE94-FB84-BC4FA1EDCEE1}.Debug|Any CPU.ActiveCfg = Debug|Any CPU
		{ECB21DCE-9E5E-DE94-FB84-BC4FA1EDCEE1}.Debug|Any CPU.Build.0 = Debug|Any CPU
		{ECB21DCE-9E5E-DE94-FB84-BC4FA1EDCEE1}.Release|Any CPU.ActiveCfg = Release|Any CPU
		{ECB21DCE-9E5E-DE94-FB84-BC4FA1EDCEE1}.Release|Any CPU.Build.0 = Release|Any CPU
		{7D8108D0-859D-F767-9301-8355706FF8BA}.Debug|Any CPU.ActiveCfg = Debug|Any CPU
		{7D8108D0-859D-F767-9301-8355706FF8BA}.Debug|Any CPU.Build.0 = Debug|Any CPU
		{7D8108D0-859D-F767-9301-8355706FF8BA}.Release|Any CPU.ActiveCfg = Release|Any CPU
		{7D8108D0-859D-F767-9301-8355706FF8BA}.Release|Any CPU.Build.0 = Release|Any CPU
	EndGlobalSection
	GlobalSection(SolutionProperties) = preSolution
		HideSolutionNode = FALSE
	EndGlobalSection
EndGlobal
